
Microsoft Visual Studio Solution File, Format Version 12.00
# Visual Studio Version 17
VisualStudioVersion = 17.14.36301.6
MinimumVisualStudioVersion = 10.0.40219.1
Project("{FAE04EC0-301F-11D3-BF4B-00C04F79EFBC}") = "VehicleControl", "VehicleControl\VehicleControl.csproj", "{322CE234-72E7-467A-ADD3-63BAA885B627}"
EndProject
Global
	GlobalSection(SolutionConfigurationPlatforms) = preSolution
		Debug|Any CPU = Debug|Any CPU
		Release|Any CPU = Release|Any CPU
	EndGlobalSection
	GlobalSection(ProjectConfigurationPlatforms) = postSolution
		{322CE234-72E7-467A-ADD3-63BAA885B627}.Debug|Any CPU.ActiveCfg = Debug|Any CPU
		{322CE234-72E7-467A-ADD3-63BAA885B627}.Debug|Any CPU.Build.0 = Debug|Any CPU
		{322CE234-72E7-467A-ADD3-63BAA885B627}.Release|Any CPU.ActiveCfg = Release|Any CPU
		{322CE234-72E7-467A-ADD3-63BAA885B627}.Release|Any CPU.Build.0 = Release|Any CPU
	EndGlobalSection
	GlobalSection(SolutionProperties) = preSolution
		HideSolutionNode = FALSE
	EndGlobalSection
	GlobalSection(ExtensibilityGlobals) = postSolution
		SolutionGuid = {E2FE7237-6191-4566-83AC-3F5D89BD3229}
	EndGlobalSection
EndGlobal
